
Microsoft Visual Studio Solution File, Format Version 12.00
# Visual Studio 15
Project("{FAE04EC0-301F-11D3-BF4B-00C04F79EFBC}") = "GirlsGameSecond", "GirlsGameSecond.csproj", "{26B59FA1-E386-BD5B-E600-7318FDE9C21C}"
EndProject
Project("{FAE04EC0-301F-11D3-BF4B-00C04F79EFBC}") = "GirlsGameSecond.Plugins", "GirlsGameSecond.Plugins.csproj", "{E20E9A8D-FB4A-B3E9-2041-5F4503DDB117}"
EndProject
Project("{FAE04EC0-301F-11D3-BF4B-00C04F79EFBC}") = "GirlsGameSecond.Editor", "GirlsGameSecond.Editor.csproj", "{9E845127-CCDA-DD61-2911-6595EACCA3C3}"
EndProject
Global
	GlobalSection(SolutionConfigurationPlatforms) = preSolution
		Debug|Any CPU = Debug|Any CPU
		Release|Any CPU = Release|Any CPU
	EndGlobalSection
	GlobalSection(ProjectConfigurationPlatforms) = postSolution
		{26B59FA1-E386-BD5B-E600-7318FDE9C21C}.Debug|Any CPU.ActiveCfg = Debug|Any CPU
		{26B59FA1-E386-BD5B-E600-7318FDE9C21C}.Debug|Any CPU.Build.0 = Debug|Any CPU
		{26B59FA1-E386-BD5B-E600-7318FDE9C21C}.Release|Any CPU.ActiveCfg = Release|Any CPU
		{26B59FA1-E386-BD5B-E600-7318FDE9C21C}.Release|Any CPU.Build.0 = Release|Any CPU
		{E20E9A8D-FB4A-B3E9-2041-5F4503DDB117}.Debug|Any CPU.ActiveCfg = Debug|Any CPU
		{E20E9A8D-FB4A-B3E9-2041-5F4503DDB117}.Debug|Any CPU.Build.0 = Debug|Any CPU
		{E20E9A8D-FB4A-B3E9-2041-5F4503DDB117}.Release|Any CPU.ActiveCfg = Release|Any CPU
		{E20E9A8D-FB4A-B3E9-2041-5F4503DDB117}.Release|Any CPU.Build.0 = Release|Any CPU
		{9E845127-CCDA-DD61-2911-6595EACCA3C3}.Debug|Any CPU.ActiveCfg = Debug|Any CPU
		{9E845127-CCDA-DD61-2911-6595EACCA3C3}.Debug|Any CPU.Build.0 = Debug|Any CPU
		{9E845127-CCDA-DD61-2911-6595EACCA3C3}.Release|Any CPU.ActiveCfg = Release|Any CPU
		{9E845127-CCDA-DD61-2911-6595EACCA3C3}.Release|Any CPU.Build.0 = Release|Any CPU
	EndGlobalSection
	GlobalSection(SolutionProperties) = preSolution
		HideSolutionNode = FALSE
	EndGlobalSection
EndGlobal
